// !$*UTF8*$!
{
	archiveVersion = 1;
	classes = {
	};
	objectVersion = 56;
	objects = {

/* Begin PBXBuildFile section */
		A548B9C12C74F0190042AA05 /* ThreadsCloneApp.swift in Sources */ = {isa = PBXBuildFile; fileRef = A548B9C02C74F0190042AA05 /* ThreadsCloneApp.swift */; };
		A548B9C32C74F0190042AA05 /* ContentView.swift in Sources */ = {isa = PBXBuildFile; fileRef = A548B9C22C74F0190042AA05 /* ContentView.swift */; };
		A548B9C52C74F01A0042AA05 /* Assets.xcassets in Resources */ = {isa = PBXBuildFile; fileRef = A548B9C42C74F01A0042AA05 /* Assets.xcassets */; };
		A548B9C82C74F01A0042AA05 /* Preview Assets.xcassets in Resources */ = {isa = PBXBuildFile; fileRef = A548B9C72C74F01A0042AA05 /* Preview Assets.xcassets */; };
		A548B9D22C74F01A0042AA05 /* ThreadsCloneTests.swift in Sources */ = {isa = PBXBuildFile; fileRef = A548B9D12C74F01A0042AA05 /* ThreadsCloneTests.swift */; };
		A548B9DC2C74F01A0042AA05 /* ThreadsCloneUITests.swift in Sources */ = {isa = PBXBuildFile; fileRef = A548B9DB2C74F01A0042AA05 /* ThreadsCloneUITests.swift */; };
		A548B9DE2C74F01A0042AA05 /* ThreadsCloneUITestsLaunchTests.swift in Sources */ = {isa = PBXBuildFile; fileRef = A548B9DD2C74F01A0042AA05 /* ThreadsCloneUITestsLaunchTests.swift */; };
		A548B9F52C74F1130042AA05 /* LoginView.swift in Sources */ = {isa = PBXBuildFile; fileRef = A548B9F42C74F1130042AA05 /* LoginView.swift */; };
		A548B9F72C7506280042AA05 /* RegistrationView.swift in Sources */ = {isa = PBXBuildFile; fileRef = A548B9F62C7506280042AA05 /* RegistrationView.swift */; };
		A548B9FA2C7508620042AA05 /* TextFieldModifier.swift in Sources */ = {isa = PBXBuildFile; fileRef = A548B9F92C7508620042AA05 /* TextFieldModifier.swift */; };
		A548B9FC2C7509B00042AA05 /* ButtonModifier.swift in Sources */ = {isa = PBXBuildFile; fileRef = A548B9FB2C7509B00042AA05 /* ButtonModifier.swift */; };
		A548B9FF2C750B300042AA05 /* MainTabView.swift in Sources */ = {isa = PBXBuildFile; fileRef = A548B9FE2C750B300042AA05 /* MainTabView.swift */; };
		A548BA032C7511800042AA05 /* FeedView.swift in Sources */ = {isa = PBXBuildFile; fileRef = A548BA022C7511800042AA05 /* FeedView.swift */; };
		A548BA072C7511D90042AA05 /* ExploreView.swift in Sources */ = {isa = PBXBuildFile; fileRef = A548BA062C7511D90042AA05 /* ExploreView.swift */; };
		A548BA0C2C7512680042AA05 /* CreateThreadView.swift in Sources */ = {isa = PBXBuildFile; fileRef = A548BA0B2C7512680042AA05 /* CreateThreadView.swift */; };
		A548BA102C7512A20042AA05 /* ActivityView.swift in Sources */ = {isa = PBXBuildFile; fileRef = A548BA0F2C7512A20042AA05 /* ActivityView.swift */; };
		A548BA142C7512C50042AA05 /* ProfileView.swift in Sources */ = {isa = PBXBuildFile; fileRef = A548BA132C7512C50042AA05 /* ProfileView.swift */; };
		A548BA162C7515040042AA05 /* ThreadCell.swift in Sources */ = {isa = PBXBuildFile; fileRef = A548BA152C7515040042AA05 /* ThreadCell.swift */; };
		A548BA182C751DD50042AA05 /* README.md in Resources */ = {isa = PBXBuildFile; fileRef = A548BA172C751DD50042AA05 /* README.md */; };
		A548BA1A2C7520770042AA05 /* README.es.md in Resources */ = {isa = PBXBuildFile; fileRef = A548BA192C7520770042AA05 /* README.es.md */; };
/* End PBXBuildFile section */

/* Begin PBXContainerItemProxy section */
		A548B9CE2C74F01A0042AA05 /* PBXContainerItemProxy */ = {
			isa = PBXContainerItemProxy;
			containerPortal = A548B9B52C74F0190042AA05 /* Project object */;
			proxyType = 1;
			remoteGlobalIDString = A548B9BC2C74F0190042AA05;
			remoteInfo = ThreadsClone;
		};
		A548B9D82C74F01A0042AA05 /* PBXContainerItemProxy */ = {
			isa = PBXContainerItemProxy;
			containerPortal = A548B9B52C74F0190042AA05 /* Project object */;
			proxyType = 1;
			remoteGlobalIDString = A548B9BC2C74F0190042AA05;
			remoteInfo = ThreadsClone;
		};
/* End PBXContainerItemProxy section */

/* Begin PBXFileReference section */
		A548B9BD2C74F0190042AA05 /* ThreadsClone.app */ = {isa = PBXFileReference; explicitFileType = wrapper.application; includeInIndex = 0; path = ThreadsClone.app; sourceTree = BUILT_PRODUCTS_DIR; };
		A548B9C02C74F0190042AA05 /* ThreadsCloneApp.swift */ = {isa = PBXFileReference; lastKnownFileType = sourcecode.swift; path = ThreadsCloneApp.swift; sourceTree = "<group>"; };
		A548B9C22C74F0190042AA05 /* ContentView.swift */ = {isa = PBXFileReference; lastKnownFileType = sourcecode.swift; path = ContentView.swift; sourceTree = "<group>"; };
		A548B9C42C74F01A0042AA05 /* Assets.xcassets */ = {isa = PBXFileReference; lastKnownFileType = folder.assetcatalog; path = Assets.xcassets; sourceTree = "<group>"; };
		A548B9C72C74F01A0042AA05 /* Preview Assets.xcassets */ = {isa = PBXFileReference; lastKnownFileType = folder.assetcatalog; path = "Preview Assets.xcassets"; sourceTree = "<group>"; };
		A548B9CD2C74F01A0042AA05 /* ThreadsCloneTests.xctest */ = {isa = PBXFileReference; explicitFileType = wrapper.cfbundle; includeInIndex = 0; path = ThreadsCloneTests.xctest; sourceTree = BUILT_PRODUCTS_DIR; };
		A548B9D12C74F01A0042AA05 /* ThreadsCloneTests.swift */ = {isa = PBXFileReference; lastKnownFileType = sourcecode.swift; path = ThreadsCloneTests.swift; sourceTree = "<group>"; };
		A548B9D72C74F01A0042AA05 /* ThreadsCloneUITests.xctest */ = {isa = PBXFileReference; explicitFileType = wrapper.cfbundle; includeInIndex = 0; path = ThreadsCloneUITests.xctest; sourceTree = BUILT_PRODUCTS_DIR; };
		A548B9DB2C74F01A0042AA05 /* ThreadsCloneUITests.swift */ = {isa = PBXFileReference; lastKnownFileType = sourcecode.swift; path = ThreadsCloneUITests.swift; sourceTree = "<group>"; };
		A548B9DD2C74F01A0042AA05 /* ThreadsCloneUITestsLaunchTests.swift */ = {isa = PBXFileReference; lastKnownFileType = sourcecode.swift; path = ThreadsCloneUITestsLaunchTests.swift; sourceTree = "<group>"; };
		A548B9F42C74F1130042AA05 /* LoginView.swift */ = {isa = PBXFileReference; lastKnownFileType = sourcecode.swift; path = LoginView.swift; sourceTree = "<group>"; };
		A548B9F62C7506280042AA05 /* RegistrationView.swift */ = {isa = PBXFileReference; lastKnownFileType = sourcecode.swift; path = RegistrationView.swift; sourceTree = "<group>"; };
		A548B9F92C7508620042AA05 /* TextFieldModifier.swift */ = {isa = PBXFileReference; lastKnownFileType = sourcecode.swift; path = TextFieldModifier.swift; sourceTree = "<group>"; };
		A548B9FB2C7509B00042AA05 /* ButtonModifier.swift */ = {isa = PBXFileReference; lastKnownFileType = sourcecode.swift; path = ButtonModifier.swift; sourceTree = "<group>"; };
		A548B9FE2C750B300042AA05 /* MainTabView.swift */ = {isa = PBXFileReference; lastKnownFileType = sourcecode.swift; path = MainTabView.swift; sourceTree = "<group>"; };
		A548BA022C7511800042AA05 /* FeedView.swift */ = {isa = PBXFileReference; lastKnownFileType = sourcecode.swift; path = FeedView.swift; sourceTree = "<group>"; };
		A548BA062C7511D90042AA05 /* ExploreView.swift */ = {isa = PBXFileReference; lastKnownFileType = sourcecode.swift; path = ExploreView.swift; sourceTree = "<group>"; };
		A548BA0B2C7512680042AA05 /* CreateThreadView.swift */ = {isa = PBXFileReference; lastKnownFileType = sourcecode.swift; path = CreateThreadView.swift; sourceTree = "<group>"; };
		A548BA0F2C7512A20042AA05 /* ActivityView.swift */ = {isa = PBXFileReference; lastKnownFileType = sourcecode.swift; path = ActivityView.swift; sourceTree = "<group>"; };
		A548BA132C7512C50042AA05 /* ProfileView.swift */ = {isa = PBXFileReference; lastKnownFileType = sourcecode.swift; path = ProfileView.swift; sourceTree = "<group>"; };
		A548BA152C7515040042AA05 /* ThreadCell.swift */ = {isa = PBXFileReference; lastKnownFileType = sourcecode.swift; path = ThreadCell.swift; sourceTree = "<group>"; };
		A548BA172C751DD50042AA05 /* README.md */ = {isa = PBXFileReference; lastKnownFileType = net.daringfireball.markdown; path = README.md; sourceTree = "<group>"; };
		A548BA192C7520770042AA05 /* README.es.md */ = {isa = PBXFileReference; lastKnownFileType = net.daringfireball.markdown; path = README.es.md; sourceTree = "<group>"; };
/* End PBXFileReference section */

/* Begin PBXFrameworksBuildPhase section */
		A548B9BA2C74F0190042AA05 /* Frameworks */ = {
			isa = PBXFrameworksBuildPhase;
			buildActionMask = 2147483647;
			files = (
			);
			runOnlyForDeploymentPostprocessing = 0;
		};
		A548B9CA2C74F01A0042AA05 /* Frameworks */ = {
			isa = PBXFrameworksBuildPhase;
			buildActionMask = 2147483647;
			files = (
			);
			runOnlyForDeploymentPostprocessing = 0;
		};
		A548B9D42C74F01A0042AA05 /* Frameworks */ = {
			isa = PBXFrameworksBuildPhase;
			buildActionMask = 2147483647;
			files = (
			);
			runOnlyForDeploymentPostprocessing = 0;
		};
/* End PBXFrameworksBuildPhase section */

/* Begin PBXGroup section */
		A548B9B42C74F0190042AA05 = {
			isa = PBXGroup;
			children = (
				A548BA192C7520770042AA05 /* README.es.md */,
				A548BA172C751DD50042AA05 /* README.md */,
				A548B9BF2C74F0190042AA05 /* ThreadsClone */,
				A548B9D02C74F01A0042AA05 /* ThreadsCloneTests */,
				A548B9DA2C74F01A0042AA05 /* ThreadsCloneUITests */,
				A548B9BE2C74F0190042AA05 /* Products */,
			);
			sourceTree = "<group>";
		};
		A548B9BE2C74F0190042AA05 /* Products */ = {
			isa = PBXGroup;
			children = (
				A548B9BD2C74F0190042AA05 /* ThreadsClone.app */,
				A548B9CD2C74F01A0042AA05 /* ThreadsCloneTests.xctest */,
				A548B9D72C74F01A0042AA05 /* ThreadsCloneUITests.xctest */,
			);
			name = Products;
			sourceTree = "<group>";
		};
		A548B9BF2C74F0190042AA05 /* ThreadsClone */ = {
			isa = PBXGroup;
			children = (
				A548B9F02C74F0630042AA05 /* Utils */,
				A548B9EF2C74F05F0042AA05 /* Services */,
				A548B9EE2C74F05D0042AA05 /* Model */,
				A548B9ED2C74F05A0042AA05 /* Extensions */,
				A548B9EC2C74F0570042AA05 /* Core */,
				A548B9EB2C74F04D0042AA05 /* App */,
				A548B9C42C74F01A0042AA05 /* Assets.xcassets */,
				A548B9C62C74F01A0042AA05 /* Preview Content */,
			);
			path = ThreadsClone;
			sourceTree = "<group>";
		};
		A548B9C62C74F01A0042AA05 /* Preview Content */ = {
			isa = PBXGroup;
			children = (
				A548B9C72C74F01A0042AA05 /* Preview Assets.xcassets */,
			);
			path = "Preview Content";
			sourceTree = "<group>";
		};
		A548B9D02C74F01A0042AA05 /* ThreadsCloneTests */ = {
			isa = PBXGroup;
			children = (
				A548B9D12C74F01A0042AA05 /* ThreadsCloneTests.swift */,
			);
			path = ThreadsCloneTests;
			sourceTree = "<group>";
		};
		A548B9DA2C74F01A0042AA05 /* ThreadsCloneUITests */ = {
			isa = PBXGroup;
			children = (
				A548B9DB2C74F01A0042AA05 /* ThreadsCloneUITests.swift */,
				A548B9DD2C74F01A0042AA05 /* ThreadsCloneUITestsLaunchTests.swift */,
			);
			path = ThreadsCloneUITests;
			sourceTree = "<group>";
		};
		A548B9EB2C74F04D0042AA05 /* App */ = {
			isa = PBXGroup;
			children = (
				A548B9C02C74F0190042AA05 /* ThreadsCloneApp.swift */,
			);
			path = App;
			sourceTree = "<group>";
		};
		A548B9EC2C74F0570042AA05 /* Core */ = {
			isa = PBXGroup;
			children = (
				A548BA112C7512B30042AA05 /* Profile */,
				A548BA0D2C7512880042AA05 /* Activity */,
				A548BA082C75121A0042AA05 /* CreateThread */,
				A548BA042C7511C00042AA05 /* Explore */,
				A548B9F12C74F0AE0042AA05 /* Authentication */,
				A548BA002C7511550042AA05 /* Feed */,
				A548B9F22C74F0C00042AA05 /* Root */,
				A548B9FD2C750ADF0042AA05 /* TabBar */,
			);
			path = Core;
			sourceTree = "<group>";
		};
		A548B9ED2C74F05A0042AA05 /* Extensions */ = {
			isa = PBXGroup;
			children = (
			);
			path = Extensions;
			sourceTree = "<group>";
		};
		A548B9EE2C74F05D0042AA05 /* Model */ = {
			isa = PBXGroup;
			children = (
			);
			path = Model;
			sourceTree = "<group>";
		};
		A548B9EF2C74F05F0042AA05 /* Services */ = {
			isa = PBXGroup;
			children = (
			);
			path = Services;
			sourceTree = "<group>";
		};
		A548B9F02C74F0630042AA05 /* Utils */ = {
			isa = PBXGroup;
			children = (
				A548B9F82C7508390042AA05 /* ViewModifiers */,
			);
			path = Utils;
			sourceTree = "<group>";
		};
		A548B9F12C74F0AE0042AA05 /* Authentication */ = {
			isa = PBXGroup;
			children = (
				A548B9F32C74F0E10042AA05 /* Views */,
			);
			path = Authentication;
			sourceTree = "<group>";
		};
		A548B9F22C74F0C00042AA05 /* Root */ = {
			isa = PBXGroup;
			children = (
				A548B9C22C74F0190042AA05 /* ContentView.swift */,
			);
			path = Root;
			sourceTree = "<group>";
		};
		A548B9F32C74F0E10042AA05 /* Views */ = {
			isa = PBXGroup;
			children = (
				A548B9F42C74F1130042AA05 /* LoginView.swift */,
				A548B9F62C7506280042AA05 /* RegistrationView.swift */,
			);
			path = Views;
			sourceTree = "<group>";
		};
		A548B9F82C7508390042AA05 /* ViewModifiers */ = {
			isa = PBXGroup;
			children = (
				A548B9F92C7508620042AA05 /* TextFieldModifier.swift */,
				A548B9FB2C7509B00042AA05 /* ButtonModifier.swift */,
			);
			path = ViewModifiers;
			sourceTree = "<group>";
		};
		A548B9FD2C750ADF0042AA05 /* TabBar */ = {
			isa = PBXGroup;
			children = (
				A548B9FE2C750B300042AA05 /* MainTabView.swift */,
			);
			path = TabBar;
			sourceTree = "<group>";
		};
		A548BA002C7511550042AA05 /* Feed */ = {
			isa = PBXGroup;
			children = (
				A548BA012C7511630042AA05 /* Views */,
			);
			path = Feed;
			sourceTree = "<group>";
		};
		A548BA012C7511630042AA05 /* Views */ = {
			isa = PBXGroup;
			children = (
				A548BA022C7511800042AA05 /* FeedView.swift */,
				A548BA152C7515040042AA05 /* ThreadCell.swift */,
			);
			path = Views;
			sourceTree = "<group>";
		};
		A548BA042C7511C00042AA05 /* Explore */ = {
			isa = PBXGroup;
			children = (
				A548BA052C7511CD0042AA05 /* Views */,
			);
			path = Explore;
			sourceTree = "<group>";
		};
		A548BA052C7511CD0042AA05 /* Views */ = {
			isa = PBXGroup;
			children = (
				A548BA062C7511D90042AA05 /* ExploreView.swift */,
			);
			path = Views;
			sourceTree = "<group>";
		};
		A548BA082C75121A0042AA05 /* CreateThread */ = {
			isa = PBXGroup;
			children = (
				A548BA092C7512510042AA05 /* Views */,
			);
			path = CreateThread;
			sourceTree = "<group>";
		};
		A548BA092C7512510042AA05 /* Views */ = {
			isa = PBXGroup;
			children = (
				A548BA0B2C7512680042AA05 /* CreateThreadView.swift */,
			);
			path = Views;
			sourceTree = "<group>";
		};
		A548BA0D2C7512880042AA05 /* Activity */ = {
			isa = PBXGroup;
			children = (
				A548BA0E2C7512910042AA05 /* Views */,
			);
			path = Activity;
			sourceTree = "<group>";
		};
		A548BA0E2C7512910042AA05 /* Views */ = {
			isa = PBXGroup;
			children = (
				A548BA0F2C7512A20042AA05 /* ActivityView.swift */,
			);
			path = Views;
			sourceTree = "<group>";
		};
		A548BA112C7512B30042AA05 /* Profile */ = {
			isa = PBXGroup;
			children = (
				A548BA122C7512B90042AA05 /* Views */,
			);
			path = Profile;
			sourceTree = "<group>";
		};
		A548BA122C7512B90042AA05 /* Views */ = {
			isa = PBXGroup;
			children = (
				A548BA132C7512C50042AA05 /* ProfileView.swift */,
			);
			path = Views;
			sourceTree = "<group>";
		};
/* End PBXGroup section */

/* Begin PBXNativeTarget section */
		A548B9BC2C74F0190042AA05 /* ThreadsClone */ = {
			isa = PBXNativeTarget;
			buildConfigurationList = A548B9E12C74F01A0042AA05 /* Build configuration list for PBXNativeTarget "ThreadsClone" */;
			buildPhases = (
				A548B9B92C74F0190042AA05 /* Sources */,
				A548B9BA2C74F0190042AA05 /* Frameworks */,
				A548B9BB2C74F0190042AA05 /* Resources */,
			);
			buildRules = (
			);
			dependencies = (
			);
			name = ThreadsClone;
			productName = ThreadsClone;
			productReference = A548B9BD2C74F0190042AA05 /* ThreadsClone.app */;
			productType = "com.apple.product-type.application";
		};
		A548B9CC2C74F01A0042AA05 /* ThreadsCloneTests */ = {
			isa = PBXNativeTarget;
			buildConfigurationList = A548B9E42C74F01A0042AA05 /* Build configuration list for PBXNativeTarget "ThreadsCloneTests" */;
			buildPhases = (
				A548B9C92C74F01A0042AA05 /* Sources */,
				A548B9CA2C74F01A0042AA05 /* Frameworks */,
				A548B9CB2C74F01A0042AA05 /* Resources */,
			);
			buildRules = (
			);
			dependencies = (
				A548B9CF2C74F01A0042AA05 /* PBXTargetDependency */,
			);
			name = ThreadsCloneTests;
			productName = ThreadsCloneTests;
			productReference = A548B9CD2C74F01A0042AA05 /* ThreadsCloneTests.xctest */;
			productType = "com.apple.product-type.bundle.unit-test";
		};
		A548B9D62C74F01A0042AA05 /* ThreadsCloneUITests */ = {
			isa = PBXNativeTarget;
			buildConfigurationList = A548B9E72C74F01A0042AA05 /* Build configuration list for PBXNativeTarget "ThreadsCloneUITests" */;
			buildPhases = (
				A548B9D32C74F01A0042AA05 /* Sources */,
				A548B9D42C74F01A0042AA05 /* Frameworks */,
				A548B9D52C74F01A0042AA05 /* Resources */,
			);
			buildRules = (
			);
			dependencies = (
				A548B9D92C74F01A0042AA05 /* PBXTargetDependency */,
			);
			name = ThreadsCloneUITests;
			productName = ThreadsCloneUITests;
			productReference = A548B9D72C74F01A0042AA05 /* ThreadsCloneUITests.xctest */;
			productType = "com.apple.product-type.bundle.ui-testing";
		};
/* End PBXNativeTarget section */

/* Begin PBXProject section */
		A548B9B52C74F0190042AA05 /* Project object */ = {
			isa = PBXProject;
			attributes = {
				BuildIndependentTargetsInParallel = 1;
				LastSwiftUpdateCheck = 1540;
				LastUpgradeCheck = 1540;
				TargetAttributes = {
					A548B9BC2C74F0190042AA05 = {
						CreatedOnToolsVersion = 15.4;
					};
					A548B9CC2C74F01A0042AA05 = {
						CreatedOnToolsVersion = 15.4;
						TestTargetID = A548B9BC2C74F0190042AA05;
					};
					A548B9D62C74F01A0042AA05 = {
						CreatedOnToolsVersion = 15.4;
						TestTargetID = A548B9BC2C74F0190042AA05;
					};
				};
			};
			buildConfigurationList = A548B9B82C74F0190042AA05 /* Build configuration list for PBXProject "ThreadsClone" */;
			compatibilityVersion = "Xcode 14.0";
			developmentRegion = en;
			hasScannedForEncodings = 0;
			knownRegions = (
				en,
				Base,
			);
			mainGroup = A548B9B42C74F0190042AA05;
			productRefGroup = A548B9BE2C74F0190042AA05 /* Products */;
			projectDirPath = "";
			projectRoot = "";
			targets = (
				A548B9BC2C74F0190042AA05 /* ThreadsClone */,
				A548B9CC2C74F01A0042AA05 /* ThreadsCloneTests */,
				A548B9D62C74F01A0042AA05 /* ThreadsCloneUITests */,
			);
		};
/* End PBXProject section */

/* Begin PBXResourcesBuildPhase section */
		A548B9BB2C74F0190042AA05 /* Resources */ = {
			isa = PBXResourcesBuildPhase;
			buildActionMask = 2147483647;
			files = (
				A548BA182C751DD50042AA05 /* README.md in Resources */,
				A548B9C82C74F01A0042AA05 /* Preview Assets.xcassets in Resources */,
				A548B9C52C74F01A0042AA05 /* Assets.xcassets in Resources */,
				A548BA1A2C7520770042AA05 /* README.es.md in Resources */,
			);
			runOnlyForDeploymentPostprocessing = 0;
		};
		A548B9CB2C74F01A0042AA05 /* Resources */ = {
			isa = PBXResourcesBuildPhase;
			buildActionMask = 2147483647;
			files = (
			);
			runOnlyForDeploymentPostprocessing = 0;
		};
		A548B9D52C74F01A0042AA05 /* Resources */ = {
			isa = PBXResourcesBuildPhase;
			buildActionMask = 2147483647;
			files = (
			);
			runOnlyForDeploymentPostprocessing = 0;
		};
/* End PBXResourcesBuildPhase section */

/* Begin PBXSourcesBuildPhase section */
		A548B9B92C74F0190042AA05 /* Sources */ = {
			isa = PBXSourcesBuildPhase;
			buildActionMask = 2147483647;
			files = (
				A548BA102C7512A20042AA05 /* ActivityView.swift in Sources */,
				A548BA0C2C7512680042AA05 /* CreateThreadView.swift in Sources */,
				A548BA032C7511800042AA05 /* FeedView.swift in Sources */,
				A548BA072C7511D90042AA05 /* ExploreView.swift in Sources */,
				A548BA142C7512C50042AA05 /* ProfileView.swift in Sources */,
				A548B9FC2C7509B00042AA05 /* ButtonModifier.swift in Sources */,
				A548B9F52C74F1130042AA05 /* LoginView.swift in Sources */,
				A548B9FA2C7508620042AA05 /* TextFieldModifier.swift in Sources */,
				A548BA162C7515040042AA05 /* ThreadCell.swift in Sources */,
				A548B9C32C74F0190042AA05 /* ContentView.swift in Sources */,
				A548B9FF2C750B300042AA05 /* MainTabView.swift in Sources */,
				A548B9C12C74F0190042AA05 /* ThreadsCloneApp.swift in Sources */,
				A548B9F72C7506280042AA05 /* RegistrationView.swift in Sources */,
			);
			runOnlyForDeploymentPostprocessing = 0;
		};
		A548B9C92C74F01A0042AA05 /* Sources */ = {
			isa = PBXSourcesBuildPhase;
			buildActionMask = 2147483647;
			files = (
				A548B9D22C74F01A0042AA05 /* ThreadsCloneTests.swift in Sources */,
			);
			runOnlyForDeploymentPostprocessing = 0;
		};
		A548B9D32C74F01A0042AA05 /* Sources */ = {
			isa = PBXSourcesBuildPhase;
			buildActionMask = 2147483647;
			files = (
				A548B9DE2C74F01A0042AA05 /* ThreadsCloneUITestsLaunchTests.swift in Sources */,
				A548B9DC2C74F01A0042AA05 /* ThreadsCloneUITests.swift in Sources */,
			);
			runOnlyForDeploymentPostprocessing = 0;
		};
/* End PBXSourcesBuildPhase section */

/* Begin PBXTargetDependency section */
		A548B9CF2C74F01A0042AA05 /* PBXTargetDependency */ = {
			isa = PBXTargetDependency;
			target = A548B9BC2C74F0190042AA05 /* ThreadsClone */;
			targetProxy = A548B9CE2C74F01A0042AA05 /* PBXContainerItemProxy */;
		};
		A548B9D92C74F01A0042AA05 /* PBXTargetDependency */ = {
			isa = PBXTargetDependency;
			target = A548B9BC2C74F0190042AA05 /* ThreadsClone */;
			targetProxy = A548B9D82C74F01A0042AA05 /* PBXContainerItemProxy */;
		};
/* End PBXTargetDependency section */

/* Begin XCBuildConfiguration section */
		A548B9DF2C74F01A0042AA05 /* Debug */ = {
			isa = XCBuildConfiguration;
			buildSettings = {
				ALWAYS_SEARCH_USER_PATHS = NO;
				ASSETCATALOG_COMPILER_GENERATE_SWIFT_ASSET_SYMBOL_EXTENSIONS = YES;
				CLANG_ANALYZER_NONNULL = YES;
				CLANG_ANALYZER_NUMBER_OBJECT_CONVERSION = YES_AGGRESSIVE;
				CLANG_CXX_LANGUAGE_STANDARD = "gnu++20";
				CLANG_ENABLE_MODULES = YES;
				CLANG_ENABLE_OBJC_ARC = YES;
				CLANG_ENABLE_OBJC_WEAK = YES;
				CLANG_WARN_BLOCK_CAPTURE_AUTORELEASING = YES;
				CLANG_WARN_BOOL_CONVERSION = YES;
				CLANG_WARN_COMMA = YES;
				CLANG_WARN_CONSTANT_CONVERSION = YES;
				CLANG_WARN_DEPRECATED_OBJC_IMPLEMENTATIONS = YES;
				CLANG_WARN_DIRECT_OBJC_ISA_USAGE = YES_ERROR;
				CLANG_WARN_DOCUMENTATION_COMMENTS = YES;
				CLANG_WARN_EMPTY_BODY = YES;
				CLANG_WARN_ENUM_CONVERSION = YES;
				CLANG_WARN_INFINITE_RECURSION = YES;
				CLANG_WARN_INT_CONVERSION = YES;
				CLANG_WARN_NON_LITERAL_NULL_CONVERSION = YES;
				CLANG_WARN_OBJC_IMPLICIT_RETAIN_SELF = YES;
				CLANG_WARN_OBJC_LITERAL_CONVERSION = YES;
				CLANG_WARN_OBJC_ROOT_CLASS = YES_ERROR;
				CLANG_WARN_QUOTED_INCLUDE_IN_FRAMEWORK_HEADER = YES;
				CLANG_WARN_RANGE_LOOP_ANALYSIS = YES;
				CLANG_WARN_STRICT_PROTOTYPES = YES;
				CLANG_WARN_SUSPICIOUS_MOVE = YES;
				CLANG_WARN_UNGUARDED_AVAILABILITY = YES_AGGRESSIVE;
				CLANG_WARN_UNREACHABLE_CODE = YES;
				CLANG_WARN__DUPLICATE_METHOD_MATCH = YES;
				COPY_PHASE_STRIP = NO;
				DEBUG_INFORMATION_FORMAT = dwarf;
				ENABLE_STRICT_OBJC_MSGSEND = YES;
				ENABLE_TESTABILITY = YES;
				ENABLE_USER_SCRIPT_SANDBOXING = YES;
				GCC_C_LANGUAGE_STANDARD = gnu17;
				GCC_DYNAMIC_NO_PIC = NO;
				GCC_NO_COMMON_BLOCKS = YES;
				GCC_OPTIMIZATION_LEVEL = 0;
				GCC_PREPROCESSOR_DEFINITIONS = (
					"DEBUG=1",
					"$(inherited)",
				);
				GCC_WARN_64_TO_32_BIT_CONVERSION = YES;
				GCC_WARN_ABOUT_RETURN_TYPE = YES_ERROR;
				GCC_WARN_UNDECLARED_SELECTOR = YES;
				GCC_WARN_UNINITIALIZED_AUTOS = YES_AGGRESSIVE;
				GCC_WARN_UNUSED_FUNCTION = YES;
				GCC_WARN_UNUSED_VARIABLE = YES;
				IPHONEOS_DEPLOYMENT_TARGET = 17.5;
				LOCALIZATION_PREFERS_STRING_CATALOGS = YES;
				MTL_ENABLE_DEBUG_INFO = INCLUDE_SOURCE;
				MTL_FAST_MATH = YES;
				ONLY_ACTIVE_ARCH = YES;
				SDKROOT = iphoneos;
				SWIFT_ACTIVE_COMPILATION_CONDITIONS = "DEBUG $(inherited)";
				SWIFT_OPTIMIZATION_LEVEL = "-Onone";
			};
			name = Debug;
		};
		A548B9E02C74F01A0042AA05 /* Release */ = {
			isa = XCBuildConfiguration;
			buildSettings = {
				ALWAYS_SEARCH_USER_PATHS = NO;
				ASSETCATALOG_COMPILER_GENERATE_SWIFT_ASSET_SYMBOL_EXTENSIONS = YES;
				CLANG_ANALYZER_NONNULL = YES;
				CLANG_ANALYZER_NUMBER_OBJECT_CONVERSION = YES_AGGRESSIVE;
				CLANG_CXX_LANGUAGE_STANDARD = "gnu++20";
				CLANG_ENABLE_MODULES = YES;
				CLANG_ENABLE_OBJC_ARC = YES;
				CLANG_ENABLE_OBJC_WEAK = YES;
				CLANG_WARN_BLOCK_CAPTURE_AUTORELEASING = YES;
				CLANG_WARN_BOOL_CONVERSION = YES;
				CLANG_WARN_COMMA = YES;
				CLANG_WARN_CONSTANT_CONVERSION = YES;
				CLANG_WARN_DEPRECATED_OBJC_IMPLEMENTATIONS = YES;
				CLANG_WARN_DIRECT_OBJC_ISA_USAGE = YES_ERROR;
				CLANG_WARN_DOCUMENTATION_COMMENTS = YES;
				CLANG_WARN_EMPTY_BODY = YES;
				CLANG_WARN_ENUM_CONVERSION = YES;
				CLANG_WARN_INFINITE_RECURSION = YES;
				CLANG_WARN_INT_CONVERSION = YES;
				CLANG_WARN_NON_LITERAL_NULL_CONVERSION = YES;
				CLANG_WARN_OBJC_IMPLICIT_RETAIN_SELF = YES;
				CLANG_WARN_OBJC_LITERAL_CONVERSION = YES;
				CLANG_WARN_OBJC_ROOT_CLASS = YES_ERROR;
				CLANG_WARN_QUOTED_INCLUDE_IN_FRAMEWORK_HEADER = YES;
				CLANG_WARN_RANGE_LOOP_ANALYSIS = YES;
				CLANG_WARN_STRICT_PROTOTYPES = YES;
				CLANG_WARN_SUSPICIOUS_MOVE = YES;
				CLANG_WARN_UNGUARDED_AVAILABILITY = YES_AGGRESSIVE;
				CLANG_WARN_UNREACHABLE_CODE = YES;
				CLANG_WARN__DUPLICATE_METHOD_MATCH = YES;
				COPY_PHASE_STRIP = NO;
				DEBUG_INFORMATION_FORMAT = "dwarf-with-dsym";
				ENABLE_NS_ASSERTIONS = NO;
				ENABLE_STRICT_OBJC_MSGSEND = YES;
				ENABLE_USER_SCRIPT_SANDBOXING = YES;
				GCC_C_LANGUAGE_STANDARD = gnu17;
				GCC_NO_COMMON_BLOCKS = YES;
				GCC_WARN_64_TO_32_BIT_CONVERSION = YES;
				GCC_WARN_ABOUT_RETURN_TYPE = YES_ERROR;
				GCC_WARN_UNDECLARED_SELECTOR = YES;
				GCC_WARN_UNINITIALIZED_AUTOS = YES_AGGRESSIVE;
				GCC_WARN_UNUSED_FUNCTION = YES;
				GCC_WARN_UNUSED_VARIABLE = YES;
				IPHONEOS_DEPLOYMENT_TARGET = 17.5;
				LOCALIZATION_PREFERS_STRING_CATALOGS = YES;
				MTL_ENABLE_DEBUG_INFO = NO;
				MTL_FAST_MATH = YES;
				SDKROOT = iphoneos;
				SWIFT_COMPILATION_MODE = wholemodule;
				VALIDATE_PRODUCT = YES;
			};
			name = Release;
		};
		A548B9E22C74F01A0042AA05 /* Debug */ = {
			isa = XCBuildConfiguration;
			buildSettings = {
				ASSETCATALOG_COMPILER_APPICON_NAME = AppIcon;
				ASSETCATALOG_COMPILER_GLOBAL_ACCENT_COLOR_NAME = AccentColor;
				CODE_SIGN_STYLE = Automatic;
				CURRENT_PROJECT_VERSION = 1;
				DEVELOPMENT_ASSET_PATHS = "\"ThreadsClone/Preview Content\"";
				DEVELOPMENT_TEAM = NPFB4Z7TNX;
				ENABLE_PREVIEWS = YES;
				GENERATE_INFOPLIST_FILE = YES;
				INFOPLIST_KEY_UIApplicationSceneManifest_Generation = YES;
				INFOPLIST_KEY_UIApplicationSupportsIndirectInputEvents = YES;
				INFOPLIST_KEY_UILaunchScreen_Generation = YES;
				INFOPLIST_KEY_UISupportedInterfaceOrientations_iPad = "UIInterfaceOrientationPortrait UIInterfaceOrientationPortraitUpsideDown UIInterfaceOrientationLandscapeLeft UIInterfaceOrientationLandscapeRight";
				INFOPLIST_KEY_UISupportedInterfaceOrientations_iPhone = "UIInterfaceOrientationPortrait UIInterfaceOrientationLandscapeLeft UIInterfaceOrientationLandscapeRight";
				LD_RUNPATH_SEARCH_PATHS = (
					"$(inherited)",
					"@executable_path/Frameworks",
				);
				MARKETING_VERSION = 1.0;
				PRODUCT_BUNDLE_IDENTIFIER = com.hernan.ThreadsClone;
				PRODUCT_NAME = "$(TARGET_NAME)";
				SWIFT_EMIT_LOC_STRINGS = YES;
				SWIFT_VERSION = 5.0;
				TARGETED_DEVICE_FAMILY = "1,2";
			};
			name = Debug;
		};
		A548B9E32C74F01A0042AA05 /* Release */ = {
			isa = XCBuildConfiguration;
			buildSettings = {
				ASSETCATALOG_COMPILER_APPICON_NAME = AppIcon;
				ASSETCATALOG_COMPILER_GLOBAL_ACCENT_COLOR_NAME = AccentColor;
				CODE_SIGN_STYLE = Automatic;
				CURRENT_PROJECT_VERSION = 1;
				DEVELOPMENT_ASSET_PATHS = "\"ThreadsClone/Preview Content\"";
				DEVELOPMENT_TEAM = NPFB4Z7TNX;
				ENABLE_PREVIEWS = YES;
				GENERATE_INFOPLIST_FILE = YES;
				INFOPLIST_KEY_UIApplicationSceneManifest_Generation = YES;
				INFOPLIST_KEY_UIApplicationSupportsIndirectInputEvents = YES;
				INFOPLIST_KEY_UILaunchScreen_Generation = YES;
				INFOPLIST_KEY_UISupportedInterfaceOrientations_iPad = "UIInterfaceOrientationPortrait UIInterfaceOrientationPortraitUpsideDown UIInterfaceOrientationLandscapeLeft UIInterfaceOrientationLandscapeRight";
				INFOPLIST_KEY_UISupportedInterfaceOrientations_iPhone = "UIInterfaceOrientationPortrait UIInterfaceOrientationLandscapeLeft UIInterfaceOrientationLandscapeRight";
				LD_RUNPATH_SEARCH_PATHS = (
					"$(inherited)",
					"@executable_path/Frameworks",
				);
				MARKETING_VERSION = 1.0;
				PRODUCT_BUNDLE_IDENTIFIER = com.hernan.ThreadsClone;
				PRODUCT_NAME = "$(TARGET_NAME)";
				SWIFT_EMIT_LOC_STRINGS = YES;
				SWIFT_VERSION = 5.0;
				TARGETED_DEVICE_FAMILY = "1,2";
			};
			name = Release;
		};
		A548B9E52C74F01A0042AA05 /* Debug */ = {
			isa = XCBuildConfiguration;
			buildSettings = {
				ALWAYS_EMBED_SWIFT_STANDARD_LIBRARIES = YES;
				BUNDLE_LOADER = "$(TEST_HOST)";
				CODE_SIGN_STYLE = Automatic;
				CURRENT_PROJECT_VERSION = 1;
				DEVELOPMENT_TEAM = NPFB4Z7TNX;
				GENERATE_INFOPLIST_FILE = YES;
				IPHONEOS_DEPLOYMENT_TARGET = 17.5;
				MARKETING_VERSION = 1.0;
				PRODUCT_BUNDLE_IDENTIFIER = com.hernan.ThreadsCloneTests;
				PRODUCT_NAME = "$(TARGET_NAME)";
				SWIFT_EMIT_LOC_STRINGS = NO;
				SWIFT_VERSION = 5.0;
				TARGETED_DEVICE_FAMILY = "1,2";
				TEST_HOST = "$(BUILT_PRODUCTS_DIR)/ThreadsClone.app/$(BUNDLE_EXECUTABLE_FOLDER_PATH)/ThreadsClone";
			};
			name = Debug;
		};
		A548B9E62C74F01A0042AA05 /* Release */ = {
			isa = XCBuildConfiguration;
			buildSettings = {
				ALWAYS_EMBED_SWIFT_STANDARD_LIBRARIES = YES;
				BUNDLE_LOADER = "$(TEST_HOST)";
				CODE_SIGN_STYLE = Automatic;
				CURRENT_PROJECT_VERSION = 1;
				DEVELOPMENT_TEAM = NPFB4Z7TNX;
				GENERATE_INFOPLIST_FILE = YES;
				IPHONEOS_DEPLOYMENT_TARGET = 17.5;
				MARKETING_VERSION = 1.0;
				PRODUCT_BUNDLE_IDENTIFIER = com.hernan.ThreadsCloneTests;
				PRODUCT_NAME = "$(TARGET_NAME)";
				SWIFT_EMIT_LOC_STRINGS = NO;
				SWIFT_VERSION = 5.0;
				TARGETED_DEVICE_FAMILY = "1,2";
				TEST_HOST = "$(BUILT_PRODUCTS_DIR)/ThreadsClone.app/$(BUNDLE_EXECUTABLE_FOLDER_PATH)/ThreadsClone";
			};
			name = Release;
		};
		A548B9E82C74F01A0042AA05 /* Debug */ = {
			isa = XCBuildConfiguration;
			buildSettings = {
				ALWAYS_EMBED_SWIFT_STANDARD_LIBRARIES = YES;
				CODE_SIGN_STYLE = Automatic;
				CURRENT_PROJECT_VERSION = 1;
				DEVELOPMENT_TEAM = NPFB4Z7TNX;
				GENERATE_INFOPLIST_FILE = YES;
				MARKETING_VERSION = 1.0;
				PRODUCT_BUNDLE_IDENTIFIER = com.hernan.ThreadsCloneUITests;
				PRODUCT_NAME = "$(TARGET_NAME)";
				SWIFT_EMIT_LOC_STRINGS = NO;
				SWIFT_VERSION = 5.0;
				TARGETED_DEVICE_FAMILY = "1,2";
				TEST_TARGET_NAME = ThreadsClone;
			};
			name = Debug;
		};
		A548B9E92C74F01A0042AA05 /* Release */ = {
			isa = XCBuildConfiguration;
			buildSettings = {
				ALWAYS_EMBED_SWIFT_STANDARD_LIBRARIES = YES;
				CODE_SIGN_STYLE = Automatic;
				CURRENT_PROJECT_VERSION = 1;
				DEVELOPMENT_TEAM = NPFB4Z7TNX;
				GENERATE_INFOPLIST_FILE = YES;
				MARKETING_VERSION = 1.0;
				PRODUCT_BUNDLE_IDENTIFIER = com.hernan.ThreadsCloneUITests;
				PRODUCT_NAME = "$(TARGET_NAME)";
				SWIFT_EMIT_LOC_STRINGS = NO;
				SWIFT_VERSION = 5.0;
				TARGETED_DEVICE_FAMILY = "1,2";
				TEST_TARGET_NAME = ThreadsClone;
			};
			name = Release;
		};
/* End XCBuildConfiguration section */

/* Begin XCConfigurationList section */
		A548B9B82C74F0190042AA05 /* Build configuration list for PBXProject "ThreadsClone" */ = {
			isa = XCConfigurationList;
			buildConfigurations = (
				A548B9DF2C74F01A0042AA05 /* Debug */,
				A548B9E02C74F01A0042AA05 /* Release */,
			);
			defaultConfigurationIsVisible = 0;
			defaultConfigurationName = Release;
		};
		A548B9E12C74F01A0042AA05 /* Build configuration list for PBXNativeTarget "ThreadsClone" */ = {
			isa = XCConfigurationList;
			buildConfigurations = (
				A548B9E22C74F01A0042AA05 /* Debug */,
				A548B9E32C74F01A0042AA05 /* Release */,
			);
			defaultConfigurationIsVisible = 0;
			defaultConfigurationName = Release;
		};
		A548B9E42C74F01A0042AA05 /* Build configuration list for PBXNativeTarget "ThreadsCloneTests" */ = {
			isa = XCConfigurationList;
			buildConfigurations = (
				A548B9E52C74F01A0042AA05 /* Debug */,
				A548B9E62C74F01A0042AA05 /* Release */,
			);
			defaultConfigurationIsVisible = 0;
			defaultConfigurationName = Release;
		};
		A548B9E72C74F01A0042AA05 /* Build configuration list for PBXNativeTarget "ThreadsCloneUITests" */ = {
			isa = XCConfigurationList;
			buildConfigurations = (
				A548B9E82C74F01A0042AA05 /* Debug */,
				A548B9E92C74F01A0042AA05 /* Release */,
			);
			defaultConfigurationIsVisible = 0;
			defaultConfigurationName = Release;
		};
/* End XCConfigurationList section */
	};
	rootObject = A548B9B52C74F0190042AA05 /* Project object */;
}
